<?xml version="1.0" encoding="utf-8"?>
<Project ToolsVersion="4.0" xmlns="http://schemas.microsoft.com/developer/msbuild/2003">
  <ItemGroup>
    <Filter Include="Source Files">
      <UniqueIdentifier>{4FC737F1-C7A5-4376-A066-2A32D752A2FF}</UniqueIdentifier>
      <Extensions>cpp;c;cc;cxx;def;odl;idl;hpj;bat;asm;asmx</Extensions>
    </Filter>
    <Filter Include="Header Files">
      <UniqueIdentifier>{93995380-89BD-4b04-88EB-625FBE52EBFB}</UniqueIdentifier>
      <Extensions>h;hh;hpp;hxx;hm;inl;inc;ipp;xsd</Extensions>
    </Filter>
    <Filter Include="Resource Files">
      <UniqueIdentifier>{67DA6AB6-F800-4c08-8B7A-83BB121AAD01}</UniqueIdentifier>
      <Extensions>rc;ico;cur;bmp;dlg;rc2;rct;bin;rgs;gif;jpg;jpeg;jpe;resx;tiff;tif;png;wav;mfcribbon-ms</Extensions>
    </Filter>
    <Filter Include="Source Files\Commons">
      <UniqueIdentifier>{17f0612f-a72a-4e55-ad1d-233bcebbd1b1}</UniqueIdentifier>
    </Filter>
    <Filter Include="Source Files\Client">
      <UniqueIdentifier>{145daf26-c2c1-48e1-ab8a-ede689b37913}</UniqueIdentifier>
    </Filter>
    <Filter Include="Source Files\Server">
      <UniqueIdentifier>{ebc2d3b8-e82d-4f94-9de6-516bbc69e914}</UniqueIdentifier>
    </Filter>
  </ItemGroup>
  <ItemGroup>
    <ClInclude Include="ISocket.h">
      <Filter>Header Files</Filter>
    </ClInclude>
    <ClInclude Include="ClientSock.h">
      <Filter>Header Files</Filter>
    </ClInclude>
    <ClInclude Include="ServerSock.h">
      <Filter>Header Files</Filter>
    </ClInclude>
    <ClInclude Include="Server.h">
      <Filter>Header Files</Filter>
    </ClInclude>
    <ClInclude Include="SockConnection.h">
      <Filter>Header Files</Filter>
    </ClInclude>
    <ClInclude Include="Commons\ISocket.h">
      <Filter>Source Files\Commons</Filter>
    </ClInclude>
    <ClInclude Include="Commons\SockConnection.h">
      <Filter>Source Files\Commons</Filter>
    </ClInclude>
    <ClInclude Include="Client\Client.h">
      <Filter>Source Files\Client</Filter>
    </ClInclude>
    <ClInclude Include="Client\ClientSock.h">
      <Filter>Source Files\Client</Filter>
    </ClInclude>
    <ClInclude Include="Server\Server.h">
      <Filter>Source Files\Server</Filter>
    </ClInclude>
    <ClInclude Include="Server\ServerSock.h">
      <Filter>Source Files\Server</Filter>
    </ClInclude>
  </ItemGroup>
  <ItemGroup>
    <ClCompile Include="Commons\SockConnection.cpp">
      <Filter>Source Files\Commons</Filter>
    </ClCompile>
    <ClCompile Include="Client\Client.cpp">
      <Filter>Source Files\Client</Filter>
    </ClCompile>
    <ClCompile Include="Client\ClientApp.cpp">
      <Filter>Source Files\Client</Filter>
    </ClCompile>
    <ClCompile Include="Client\ClientSock.cpp">
      <Filter>Source Files\Client</Filter>
    </ClCompile>
    <ClCompile Include="Server\Server.cpp">
      <Filter>Source Files\Server</Filter>
    </ClCompile>
    <ClCompile Include="Server\ServerApp.cpp">
      <Filter>Source Files\Server</Filter>
    </ClCompile>
    <ClCompile Include="Server\ServerSock.cpp">
      <Filter>Source Files\Server</Filter>
    </ClCompile>
  </ItemGroup>
  <ItemGroup>
    <None Include="Client\makefile">
      <Filter>Source Files\Client</Filter>
    </None>
    <None Include="Server\makefile">
      <Filter>Source Files\Server</Filter>
    </None>
  </ItemGroup>
  <ItemGroup>
    <Object Include="Server\SocketApp.o">
      <Filter>Source Files\Server</Filter>
    </Object>
  </ItemGroup>
</Project>