
Microsoft Visual Studio Solution File, Format Version 12.00
# Visual Studio Express 15 for Windows Desktop
VisualStudioVersion = 15.0.28307.1022
MinimumVisualStudioVersion = 10.0.40219.1
Project("{8BC9CEB8-8B4A-11D0-8D11-00A0C91BC942}") = "SocketApp", "SocketApp\SocketApp.vcxproj", "{6BF9E55F-64A2-4BD3-9477-9090B06ACF95}"
EndProject
Global
	GlobalSection(SolutionConfigurationPlatforms) = preSolution
		Debug|x64 = Debug|x64
		Debug|x86 = Debug|x86
		Release|x64 = Release|x64
		Release|x86 = Release|x86
	EndGlobalSection
	GlobalSection(ProjectConfigurationPlatforms) = postSolution
		{6BF9E55F-64A2-4BD3-9477-9090B06ACF95}.Debug|x64.ActiveCfg = Debug|x64
		{6BF9E55F-64A2-4BD3-9477-9090B06ACF95}.Debug|x64.Build.0 = Debug|x64
		{6BF9E55F-64A2-4BD3-9477-9090B06ACF95}.Debug|x86.ActiveCfg = Debug|Win32
		{6BF9E55F-64A2-4BD3-9477-9090B06ACF95}.Debug|x86.Build.0 = Debug|Win32
		{6BF9E55F-64A2-4BD3-9477-9090B06ACF95}.Release|x64.ActiveCfg = Release|x64
		{6BF9E55F-64A2-4BD3-9477-9090B06ACF95}.Release|x64.Build.0 = Release|x64
		{6BF9E55F-64A2-4BD3-9477-9090B06ACF95}.Release|x86.ActiveCfg = Release|Win32
		{6BF9E55F-64A2-4BD3-9477-9090B06ACF95}.Release|x86.Build.0 = Release|Win32
	EndGlobalSection
	GlobalSection(SolutionProperties) = preSolution
		HideSolutionNode = FALSE
	EndGlobalSection
	GlobalSection(ExtensibilityGlobals) = postSolution
		SolutionGuid = {34215A60-D790-446B-B9C2-1AB22CE011FE}
	EndGlobalSection
EndGlobal
